// !$*UTF8*$!
{
	archiveVersion = 1;
	classes = {
	};
	objectVersion = 55;
	objects = {

/* Begin PBXBuildFile section */
		61EC264526FF2CD10025C0D1 /* AppDelegate.swift in Sources */ = {isa = PBXBuildFile; fileRef = 61EC264426FF2CD10025C0D1 /* AppDelegate.swift */; };
		61EC264726FF2CD10025C0D1 /* SceneDelegate.swift in Sources */ = {isa = PBXBuildFile; fileRef = 61EC264626FF2CD10025C0D1 /* SceneDelegate.swift */; };
		61EC264926FF2CD10025C0D1 /* ViewController.swift in Sources */ = {isa = PBXBuildFile; fileRef = 61EC264826FF2CD10025C0D1 /* ViewController.swift */; };
		61EC264C26FF2CD10025C0D1 /* Main.storyboard in Resources */ = {isa = PBXBuildFile; fileRef = 61EC264A26FF2CD10025C0D1 /* Main.storyboard */; };
		61EC264E26FF2CD30025C0D1 /* Assets.xcassets in Resources */ = {isa = PBXBuildFile; fileRef = 61EC264D26FF2CD30025C0D1 /* Assets.xcassets */; };
		61EC265126FF2CD30025C0D1 /* LaunchScreen.storyboard in Resources */ = {isa = PBXBuildFile; fileRef = 61EC264F26FF2CD30025C0D1 /* LaunchScreen.storyboard */; };
		61EC265C2700571B0025C0D1 /* timer_finished.mp3 in Resources */ = {isa = PBXBuildFile; fileRef = 61EC265B2700571A0025C0D1 /* timer_finished.mp3 */; };
		61EC2661270068010025C0D1 /* button_pressed.mp3 in Resources */ = {isa = PBXBuildFile; fileRef = 61EC2660270068010025C0D1 /* button_pressed.mp3 */; };
/* End PBXBuildFile section */

/* Begin PBXFileReference section */
		61EC264126FF2CD10025C0D1 /* AnyStuffTimer.app */ = {isa = PBXFileReference; explicitFileType = wrapper.application; includeInIndex = 0; path = AnyStuffTimer.app; sourceTree = BUILT_PRODUCTS_DIR; };
		61EC264426FF2CD10025C0D1 /* AppDelegate.swift */ = {isa = PBXFileReference; lastKnownFileType = sourcecode.swift; path = AppDelegate.swift; sourceTree = "<group>"; };
		61EC264626FF2CD10025C0D1 /* SceneDelegate.swift */ = {isa = PBXFileReference; lastKnownFileType = sourcecode.swift; path = SceneDelegate.swift; sourceTree = "<group>"; };
		61EC264826FF2CD10025C0D1 /* ViewController.swift */ = {isa = PBXFileReference; lastKnownFileType = sourcecode.swift; path = ViewController.swift; sourceTree = "<group>"; };
		61EC264B26FF2CD10025C0D1 /* Base */ = {isa = PBXFileReference; lastKnownFileType = file.storyboard; name = Base; path = Base.lproj/Main.storyboard; sourceTree = "<group>"; };
		61EC264D26FF2CD30025C0D1 /* Assets.xcassets */ = {isa = PBXFileReference; lastKnownFileType = folder.assetcatalog; path = Assets.xcassets; sourceTree = "<group>"; };
		61EC265026FF2CD30025C0D1 /* Base */ = {isa = PBXFileReference; lastKnownFileType = file.storyboard; name = Base; path = Base.lproj/LaunchScreen.storyboard; sourceTree = "<group>"; };
		61EC265226FF2CD30025C0D1 /* Info.plist */ = {isa = PBXFileReference; lastKnownFileType = text.plist.xml; path = Info.plist; sourceTree = "<group>"; };
		61EC265B2700571A0025C0D1 /* timer_finished.mp3 */ = {isa = PBXFileReference; lastKnownFileType = audio.mp3; path = timer_finished.mp3; sourceTree = "<group>"; };
		61EC2660270068010025C0D1 /* button_pressed.mp3 */ = {isa = PBXFileReference; lastKnownFileType = audio.mp3; path = button_pressed.mp3; sourceTree = "<group>"; };
/* End PBXFileReference section */

/* Begin PBXFrameworksBuildPhase section */
		61EC263E26FF2CD10025C0D1 /* Frameworks */ = {
			isa = PBXFrameworksBuildPhase;
			buildActionMask = 2147483647;
			files = (
			);
			runOnlyForDeploymentPostprocessing = 0;
		};
/* End PBXFrameworksBuildPhase section */

/* Begin PBXGroup section */
		61EC263826FF2CD10025C0D1 = {
			isa = PBXGroup;
			children = (
				61EC264326FF2CD10025C0D1 /* AnyStuffTimer */,
				61EC264226FF2CD10025C0D1 /* Products */,
			);
			sourceTree = "<group>";
		};
		61EC264226FF2CD10025C0D1 /* Products */ = {
			isa = PBXGroup;
			children = (
				61EC264126FF2CD10025C0D1 /* AnyStuffTimer.app */,
			);
			name = Products;
			sourceTree = "<group>";
		};
		61EC264326FF2CD10025C0D1 /* AnyStuffTimer */ = {
			isa = PBXGroup;
			children = (
				61EC265A26FF2CFE0025C0D1 /* Model */,
				61EC265926FF2CF60025C0D1 /* View */,
				61EC265826FF2CEB0025C0D1 /* Controller */,
				61EC264D26FF2CD30025C0D1 /* Assets.xcassets */,
				61EC265226FF2CD30025C0D1 /* Info.plist */,
				61EC265D270057200025C0D1 /* Sounds */,
			);
			path = AnyStuffTimer;
			sourceTree = "<group>";
		};
		61EC265826FF2CEB0025C0D1 /* Controller */ = {
			isa = PBXGroup;
			children = (
				61EC264826FF2CD10025C0D1 /* ViewController.swift */,
			);
			path = Controller;
			sourceTree = "<group>";
		};
		61EC265926FF2CF60025C0D1 /* View */ = {
			isa = PBXGroup;
			children = (
				61EC264A26FF2CD10025C0D1 /* Main.storyboard */,
				61EC264F26FF2CD30025C0D1 /* LaunchScreen.storyboard */,
			);
			path = View;
			sourceTree = "<group>";
		};
		61EC265A26FF2CFE0025C0D1 /* Model */ = {
			isa = PBXGroup;
			children = (
				61EC264426FF2CD10025C0D1 /* AppDelegate.swift */,
				61EC264626FF2CD10025C0D1 /* SceneDelegate.swift */,
			);
			path = Model;
			sourceTree = "<group>";
		};
		61EC265D270057200025C0D1 /* Sounds */ = {
			isa = PBXGroup;
			children = (
				61EC2660270068010025C0D1 /* button_pressed.mp3 */,
				61EC265B2700571A0025C0D1 /* timer_finished.mp3 */,
			);
			path = Sounds;
			sourceTree = "<group>";
		};
/* End PBXGroup section */

/* Begin PBXNativeTarget section */
		61EC264026FF2CD10025C0D1 /* AnyStuffTimer */ = {
			isa = PBXNativeTarget;
			buildConfigurationList = 61EC265526FF2CD30025C0D1 /* Build configuration list for PBXNativeTarget "AnyStuffTimer" */;
			buildPhases = (
				61EC263D26FF2CD10025C0D1 /* Sources */,
				61EC263E26FF2CD10025C0D1 /* Frameworks */,
				61EC263F26FF2CD10025C0D1 /* Resources */,
			);
			buildRules = (
			);
			dependencies = (
			);
			name = AnyStuffTimer;
			productName = AnyStuffTimer;
			productReference = 61EC264126FF2CD10025C0D1 /* AnyStuffTimer.app */;
			productType = "com.apple.product-type.application";
		};
/* End PBXNativeTarget section */

/* Begin PBXProject section */
		61EC263926FF2CD10025C0D1 /* Project object */ = {
			isa = PBXProject;
			attributes = {
				BuildIndependentTargetsInParallel = 1;
				LastSwiftUpdateCheck = 1300;
				LastUpgradeCheck = 1300;
				TargetAttributes = {
					61EC264026FF2CD10025C0D1 = {
						CreatedOnToolsVersion = 13.0;
					};
				};
			};
			buildConfigurationList = 61EC263C26FF2CD10025C0D1 /* Build configuration list for PBXProject "AnyStuffTimer" */;
			compatibilityVersion = "Xcode 13.0";
			developmentRegion = en;
			hasScannedForEncodings = 0;
			knownRegions = (
				en,
				Base,
			);
			mainGroup = 61EC263826FF2CD10025C0D1;
			productRefGroup = 61EC264226FF2CD10025C0D1 /* Products */;
			projectDirPath = "";
			projectRoot = "";
			targets = (
				61EC264026FF2CD10025C0D1 /* AnyStuffTimer */,
			);
		};
/* End PBXProject section */

/* Begin PBXResourcesBuildPhase section */
		61EC263F26FF2CD10025C0D1 /* Resources */ = {
			isa = PBXResourcesBuildPhase;
			buildActionMask = 2147483647;
			files = (
				61EC265126FF2CD30025C0D1 /* LaunchScreen.storyboard in Resources */,
				61EC264E26FF2CD30025C0D1 /* Assets.xcassets in Resources */,
				61EC2661270068010025C0D1 /* button_pressed.mp3 in Resources */,
				61EC265C2700571B0025C0D1 /* timer_finished.mp3 in Resources */,
				61EC264C26FF2CD10025C0D1 /* Main.storyboard in Resources */,
			);
			runOnlyForDeploymentPostprocessing = 0;
		};
/* End PBXResourcesBuildPhase section */

/* Begin PBXSourcesBuildPhase section */
		61EC263D26FF2CD10025C0D1 /* Sources */ = {
			isa = PBXSourcesBuildPhase;
			buildActionMask = 2147483647;
			files = (
				61EC264926FF2CD10025C0D1 /* ViewController.swift in Sources */,
				61EC264526FF2CD10025C0D1 /* AppDelegate.swift in Sources */,
				61EC264726FF2CD10025C0D1 /* SceneDelegate.swift in Sources */,
			);
			runOnlyForDeploymentPostprocessing = 0;
		};
/* End PBXSourcesBuildPhase section */

/* Begin PBXVariantGroup section */
		61EC264A26FF2CD10025C0D1 /* Main.storyboard */ = {
			isa = PBXVariantGroup;
			children = (
				61EC264B26FF2CD10025C0D1 /* Base */,
			);
			name = Main.storyboard;
			sourceTree = "<group>";
		};
		61EC264F26FF2CD30025C0D1 /* LaunchScreen.storyboard */ = {
			isa = PBXVariantGroup;
			children = (
				61EC265026FF2CD30025C0D1 /* Base */,
			);
			name = LaunchScreen.storyboard;
			sourceTree = "<group>";
		};
/* End PBXVariantGroup section */

/* Begin XCBuildConfiguration section */
		61EC265326FF2CD30025C0D1 /* Debug */ = {
			isa = XCBuildConfiguration;
			buildSettings = {
				ALWAYS_SEARCH_USER_PATHS = NO;
				CLANG_ANALYZER_NONNULL = YES;
				CLANG_ANALYZER_NUMBER_OBJECT_CONVERSION = YES_AGGRESSIVE;
				CLANG_CXX_LANGUAGE_STANDARD = "gnu++17";
				CLANG_CXX_LIBRARY = "libc++";
				CLANG_ENABLE_MODULES = YES;
				CLANG_ENABLE_OBJC_ARC = YES;
				CLANG_ENABLE_OBJC_WEAK = YES;
				CLANG_WARN_BLOCK_CAPTURE_AUTORELEASING = YES;
				CLANG_WARN_BOOL_CONVERSION = YES;
				CLANG_WARN_COMMA = YES;
				CLANG_WARN_CONSTANT_CONVERSION = YES;
				CLANG_WARN_DEPRECATED_OBJC_IMPLEMENTATIONS = YES;
				CLANG_WARN_DIRECT_OBJC_ISA_USAGE = YES_ERROR;
				CLANG_WARN_DOCUMENTATION_COMMENTS = YES;
				CLANG_WARN_EMPTY_BODY = YES;
				CLANG_WARN_ENUM_CONVERSION = YES;
				CLANG_WARN_INFINITE_RECURSION = YES;
				CLANG_WARN_INT_CONVERSION = YES;
				CLANG_WARN_NON_LITERAL_NULL_CONVERSION = YES;
				CLANG_WARN_OBJC_IMPLICIT_RETAIN_SELF = YES;
				CLANG_WARN_OBJC_LITERAL_CONVERSION = YES;
				CLANG_WARN_OBJC_ROOT_CLASS = YES_ERROR;
				CLANG_WARN_QUOTED_INCLUDE_IN_FRAMEWORK_HEADER = YES;
				CLANG_WARN_RANGE_LOOP_ANALYSIS = YES;
				CLANG_WARN_STRICT_PROTOTYPES = YES;
				CLANG_WARN_SUSPICIOUS_MOVE = YES;
				CLANG_WARN_UNGUARDED_AVAILABILITY = YES_AGGRESSIVE;
				CLANG_WARN_UNREACHABLE_CODE = YES;
				CLANG_WARN__DUPLICATE_METHOD_MATCH = YES;
				COPY_PHASE_STRIP = NO;
				DEBUG_INFORMATION_FORMAT = dwarf;
				ENABLE_STRICT_OBJC_MSGSEND = YES;
				ENABLE_TESTABILITY = YES;
				GCC_C_LANGUAGE_STANDARD = gnu11;
				GCC_DYNAMIC_NO_PIC = NO;
				GCC_NO_COMMON_BLOCKS = YES;
				GCC_OPTIMIZATION_LEVEL = 0;
				GCC_PREPROCESSOR_DEFINITIONS = (
					"DEBUG=1",
					"$(inherited)",
				);
				GCC_WARN_64_TO_32_BIT_CONVERSION = YES;
				GCC_WARN_ABOUT_RETURN_TYPE = YES_ERROR;
				GCC_WARN_UNDECLARED_SELECTOR = YES;
				GCC_WARN_UNINITIALIZED_AUTOS = YES_AGGRESSIVE;
				GCC_WARN_UNUSED_FUNCTION = YES;
				GCC_WARN_UNUSED_VARIABLE = YES;
				IPHONEOS_DEPLOYMENT_TARGET = 15.0;
				MTL_ENABLE_DEBUG_INFO = INCLUDE_SOURCE;
				MTL_FAST_MATH = YES;
				ONLY_ACTIVE_ARCH = YES;
				SDKROOT = iphoneos;
				SWIFT_ACTIVE_COMPILATION_CONDITIONS = DEBUG;
				SWIFT_OPTIMIZATION_LEVEL = "-Onone";
			};
			name = Debug;
		};
		61EC265426FF2CD30025C0D1 /* Release */ = {
			isa = XCBuildConfiguration;
			buildSettings = {
				ALWAYS_SEARCH_USER_PATHS = NO;
				CLANG_ANALYZER_NONNULL = YES;
				CLANG_ANALYZER_NUMBER_OBJECT_CONVERSION = YES_AGGRESSIVE;
				CLANG_CXX_LANGUAGE_STANDARD = "gnu++17";
				CLANG_CXX_LIBRARY = "libc++";
				CLANG_ENABLE_MODULES = YES;
				CLANG_ENABLE_OBJC_ARC = YES;
				CLANG_ENABLE_OBJC_WEAK = YES;
				CLANG_WARN_BLOCK_CAPTURE_AUTORELEASING = YES;
				CLANG_WARN_BOOL_CONVERSION = YES;
				CLANG_WARN_COMMA = YES;
				CLANG_WARN_CONSTANT_CONVERSION = YES;
				CLANG_WARN_DEPRECATED_OBJC_IMPLEMENTATIONS = YES;
				CLANG_WARN_DIRECT_OBJC_ISA_USAGE = YES_ERROR;
				CLANG_WARN_DOCUMENTATION_COMMENTS = YES;
				CLANG_WARN_EMPTY_BODY = YES;
				CLANG_WARN_ENUM_CONVERSION = YES;
				CLANG_WARN_INFINITE_RECURSION = YES;
				CLANG_WARN_INT_CONVERSION = YES;
				CLANG_WARN_NON_LITERAL_NULL_CONVERSION = YES;
				CLANG_WARN_OBJC_IMPLICIT_RETAIN_SELF = YES;
				CLANG_WARN_OBJC_LITERAL_CONVERSION = YES;
				CLANG_WARN_OBJC_ROOT_CLASS = YES_ERROR;
				CLANG_WARN_QUOTED_INCLUDE_IN_FRAMEWORK_HEADER = YES;
				CLANG_WARN_RANGE_LOOP_ANALYSIS = YES;
				CLANG_WARN_STRICT_PROTOTYPES = YES;
				CLANG_WARN_SUSPICIOUS_MOVE = YES;
				CLANG_WARN_UNGUARDED_AVAILABILITY = YES_AGGRESSIVE;
				CLANG_WARN_UNREACHABLE_CODE = YES;
				CLANG_WARN__DUPLICATE_METHOD_MATCH = YES;
				COPY_PHASE_STRIP = NO;
				DEBUG_INFORMATION_FORMAT = "dwarf-with-dsym";
				ENABLE_NS_ASSERTIONS = NO;
				ENABLE_STRICT_OBJC_MSGSEND = YES;
				GCC_C_LANGUAGE_STANDARD = gnu11;
				GCC_NO_COMMON_BLOCKS = YES;
				GCC_WARN_64_TO_32_BIT_CONVERSION = YES;
				GCC_WARN_ABOUT_RETURN_TYPE = YES_ERROR;
				GCC_WARN_UNDECLARED_SELECTOR = YES;
				GCC_WARN_UNINITIALIZED_AUTOS = YES_AGGRESSIVE;
				GCC_WARN_UNUSED_FUNCTION = YES;
				GCC_WARN_UNUSED_VARIABLE = YES;
				IPHONEOS_DEPLOYMENT_TARGET = 15.0;
				MTL_ENABLE_DEBUG_INFO = NO;
				MTL_FAST_MATH = YES;
				SDKROOT = iphoneos;
				SWIFT_COMPILATION_MODE = wholemodule;
				SWIFT_OPTIMIZATION_LEVEL = "-O";
				VALIDATE_PRODUCT = YES;
			};
			name = Release;
		};
		61EC265626FF2CD30025C0D1 /* Debug */ = {
			isa = XCBuildConfiguration;
			buildSettings = {
				ASSETCATALOG_COMPILER_APPICON_NAME = AppIcon;
				ASSETCATALOG_COMPILER_GLOBAL_ACCENT_COLOR_NAME = AccentColor;
				CODE_SIGN_STYLE = Automatic;
				CURRENT_PROJECT_VERSION = 1;
				DEVELOPMENT_TEAM = 7WTLW784B9;
				GENERATE_INFOPLIST_FILE = YES;
				INFOPLIST_FILE = AnyStuffTimer/Info.plist;
				INFOPLIST_KEY_UIApplicationSupportsIndirectInputEvents = YES;
				INFOPLIST_KEY_UILaunchStoryboardName = LaunchScreen;
				INFOPLIST_KEY_UIMainStoryboardFile = Main;
				INFOPLIST_KEY_UISupportedInterfaceOrientations = "UIInterfaceOrientationPortrait UIInterfaceOrientationLandscapeLeft UIInterfaceOrientationLandscapeRight";
				INFOPLIST_KEY_UISupportedInterfaceOrientations_iPad = "UIInterfaceOrientationPortrait UIInterfaceOrientationPortraitUpsideDown UIInterfaceOrientationLandscapeLeft UIInterfaceOrientationLandscapeRight";
				INFOPLIST_KEY_UISupportedInterfaceOrientations_iPhone = "UIInterfaceOrientationPortrait UIInterfaceOrientationLandscapeLeft UIInterfaceOrientationLandscapeRight";
				LD_RUNPATH_SEARCH_PATHS = (
					"$(inherited)",
					"@executable_path/Frameworks",
				);
				MARKETING_VERSION = 1.0;
				PRODUCT_BUNDLE_IDENTIFIER = "com.Ilya.I-Am-Rich-AppBrewery";
				PRODUCT_NAME = "$(TARGET_NAME)";
				SWIFT_EMIT_LOC_STRINGS = YES;
				SWIFT_VERSION = 5.0;
				TARGETED_DEVICE_FAMILY = "1,2";
			};
			name = Debug;
		};
		61EC265726FF2CD30025C0D1 /* Release */ = {
			isa = XCBuildConfiguration;
			buildSettings = {
				ASSETCATALOG_COMPILER_APPICON_NAME = AppIcon;
				ASSETCATALOG_COMPILER_GLOBAL_ACCENT_COLOR_NAME = AccentColor;
				CODE_SIGN_STYLE = Automatic;
				CURRENT_PROJECT_VERSION = 1;
				DEVELOPMENT_TEAM = 7WTLW784B9;
				GENERATE_INFOPLIST_FILE = YES;
				INFOPLIST_FILE = AnyStuffTimer/Info.plist;
				INFOPLIST_KEY_UIApplicationSupportsIndirectInputEvents = YES;
				INFOPLIST_KEY_UILaunchStoryboardName = LaunchScreen;
				INFOPLIST_KEY_UIMainStoryboardFile = Main;
				INFOPLIST_KEY_UISupportedInterfaceOrientations = "UIInterfaceOrientationPortrait UIInterfaceOrientationLandscapeLeft UIInterfaceOrientationLandscapeRight";
				INFOPLIST_KEY_UISupportedInterfaceOrientations_iPad = "UIInterfaceOrientationPortrait UIInterfaceOrientationPortraitUpsideDown UIInterfaceOrientationLandscapeLeft UIInterfaceOrientationLandscapeRight";
				INFOPLIST_KEY_UISupportedInterfaceOrientations_iPhone = "UIInterfaceOrientationPortrait UIInterfaceOrientationLandscapeLeft UIInterfaceOrientationLandscapeRight";
				LD_RUNPATH_SEARCH_PATHS = (
					"$(inherited)",
					"@executable_path/Frameworks",
				);
				MARKETING_VERSION = 1.0;
				PRODUCT_BUNDLE_IDENTIFIER = "com.Ilya.I-Am-Rich-AppBrewery";
				PRODUCT_NAME = "$(TARGET_NAME)";
				SWIFT_EMIT_LOC_STRINGS = YES;
				SWIFT_VERSION = 5.0;
				TARGETED_DEVICE_FAMILY = "1,2";
			};
			name = Release;
		};
/* End XCBuildConfiguration section */

/* Begin XCConfigurationList section */
		61EC263C26FF2CD10025C0D1 /* Build configuration list for PBXProject "AnyStuffTimer" */ = {
			isa = XCConfigurationList;
			buildConfigurations = (
				61EC265326FF2CD30025C0D1 /* Debug */,
				61EC265426FF2CD30025C0D1 /* Release */,
			);
			defaultConfigurationIsVisible = 0;
			defaultConfigurationName = Release;
		};
		61EC265526FF2CD30025C0D1 /* Build configuration list for PBXNativeTarget "AnyStuffTimer" */ = {
			isa = XCConfigurationList;
			buildConfigurations = (
				61EC265626FF2CD30025C0D1 /* Debug */,
				61EC265726FF2CD30025C0D1 /* Release */,
			);
			defaultConfigurationIsVisible = 0;
			defaultConfigurationName = Release;
		};
/* End XCConfigurationList section */
	};
	rootObject = 61EC263926FF2CD10025C0D1 /* Project object */;
}
